// !$*UTF8*$!
{
	archiveVersion = 1;
	classes = {
	};
	objectVersion = 46;
	objects = {

/* Begin PBXBuildFile section */
		2AFA802D1DDD085400701A78 /* AppDelegate.swift in Sources */ = {isa = PBXBuildFile; fileRef = 2AFA802C1DDD085400701A78 /* AppDelegate.swift */; };
		2AFA80341DDD085400701A78 /* Assets.xcassets in Resources */ = {isa = PBXBuildFile; fileRef = 2AFA80331DDD085400701A78 /* Assets.xcassets */; };
		2AFA80421DDD085400701A78 /* ChallengeTests.swift in Sources */ = {isa = PBXBuildFile; fileRef = 2AFA80411DDD085400701A78 /* ChallengeTests.swift */; };
		2AFA804D1DDD085400701A78 /* ChallengeUITests.swift in Sources */ = {isa = PBXBuildFile; fileRef = 2AFA804C1DDD085400701A78 /* ChallengeUITests.swift */; };
		2AFA805D1DDD122F00701A78 /* Main.storyboard in Resources */ = {isa = PBXBuildFile; fileRef = 2AFA805C1DDD122F00701A78 /* Main.storyboard */; };
		2AFA805F1DDD124C00701A78 /* LaunchScreen.storyboard in Resources */ = {isa = PBXBuildFile; fileRef = 2AFA805E1DDD124C00701A78 /* LaunchScreen.storyboard */; };
		2AFA80611DDD132200701A78 /* GoogleAPI.swift in Sources */ = {isa = PBXBuildFile; fileRef = 2AFA80601DDD132200701A78 /* GoogleAPI.swift */; };
		2AFA80641DDD169000701A78 /* CustomImageView.swift in Sources */ = {isa = PBXBuildFile; fileRef = 2AFA80631DDD169000701A78 /* CustomImageView.swift */; };
		2AFA80691DDD236B00701A78 /* Places.swift in Sources */ = {isa = PBXBuildFile; fileRef = 2AFA80681DDD236B00701A78 /* Places.swift */; };
		2AFA806B1DDD2D4C00701A78 /* OpeningHours.swift in Sources */ = {isa = PBXBuildFile; fileRef = 2AFA806A1DDD2D4C00701A78 /* OpeningHours.swift */; };
		2AFA806D1DDDB73A00701A78 /* APIController.swift in Sources */ = {isa = PBXBuildFile; fileRef = 2AFA806C1DDDB73A00701A78 /* APIController.swift */; };
		2AFA806F1DDDBC6800701A78 /* PlacesConverter.swift in Sources */ = {isa = PBXBuildFile; fileRef = 2AFA806E1DDDBC6800701A78 /* PlacesConverter.swift */; };
		6BADE8051B74EBE988D0346C /* Pods_Challenge.framework in Frameworks */ = {isa = PBXBuildFile; fileRef = FE83A8D9E49F9F75B8BEADCF /* Pods_Challenge.framework */; };
		B03FA1171F7B5D644F7DB41D /* Pods_ChallengeUITests.framework in Frameworks */ = {isa = PBXBuildFile; fileRef = D923311D600CEFCF031C2D39 /* Pods_ChallengeUITests.framework */; };
		F6C94D7A2816F8E5D448D34E /* Pods_ChallengeTests.framework in Frameworks */ = {isa = PBXBuildFile; fileRef = 5C50A6A9F2F2232DF65DD0E6 /* Pods_ChallengeTests.framework */; };
/* End PBXBuildFile section */

/* Begin PBXContainerItemProxy section */
		2AFA803E1DDD085400701A78 /* PBXContainerItemProxy */ = {
			isa = PBXContainerItemProxy;
			containerPortal = 2AFA80211DDD085400701A78 /* Project object */;
			proxyType = 1;
			remoteGlobalIDString = 2AFA80281DDD085400701A78;
			remoteInfo = Challenge;
		};
		2AFA80491DDD085400701A78 /* PBXContainerItemProxy */ = {
			isa = PBXContainerItemProxy;
			containerPortal = 2AFA80211DDD085400701A78 /* Project object */;
			proxyType = 1;
			remoteGlobalIDString = 2AFA80281DDD085400701A78;
			remoteInfo = Challenge;
		};
/* End PBXContainerItemProxy section */

/* Begin PBXFileReference section */
		1E10939F65D7F0A5A897EA60 /* Pods-ChallengeUITests.release.xcconfig */ = {isa = PBXFileReference; includeInIndex = 1; lastKnownFileType = text.xcconfig; name = "Pods-ChallengeUITests.release.xcconfig"; path = "Pods/Target Support Files/Pods-ChallengeUITests/Pods-ChallengeUITests.release.xcconfig"; sourceTree = "<group>"; };
		2AFA80291DDD085400701A78 /* Challenge.app */ = {isa = PBXFileReference; explicitFileType = wrapper.application; includeInIndex = 0; path = Challenge.app; sourceTree = BUILT_PRODUCTS_DIR; };
		2AFA802C1DDD085400701A78 /* AppDelegate.swift */ = {isa = PBXFileReference; lastKnownFileType = sourcecode.swift; path = AppDelegate.swift; sourceTree = "<group>"; };
		2AFA80331DDD085400701A78 /* Assets.xcassets */ = {isa = PBXFileReference; lastKnownFileType = folder.assetcatalog; path = Assets.xcassets; sourceTree = "<group>"; };
		2AFA80381DDD085400701A78 /* Info.plist */ = {isa = PBXFileReference; lastKnownFileType = text.plist.xml; path = Info.plist; sourceTree = "<group>"; };
		2AFA803D1DDD085400701A78 /* ChallengeTests.xctest */ = {isa = PBXFileReference; explicitFileType = wrapper.cfbundle; includeInIndex = 0; path = ChallengeTests.xctest; sourceTree = BUILT_PRODUCTS_DIR; };
		2AFA80411DDD085400701A78 /* ChallengeTests.swift */ = {isa = PBXFileReference; lastKnownFileType = sourcecode.swift; path = ChallengeTests.swift; sourceTree = "<group>"; };
		2AFA80431DDD085400701A78 /* Info.plist */ = {isa = PBXFileReference; lastKnownFileType = text.plist.xml; path = Info.plist; sourceTree = "<group>"; };
		2AFA80481DDD085400701A78 /* ChallengeUITests.xctest */ = {isa = PBXFileReference; explicitFileType = wrapper.cfbundle; includeInIndex = 0; path = ChallengeUITests.xctest; sourceTree = BUILT_PRODUCTS_DIR; };
		2AFA804C1DDD085400701A78 /* ChallengeUITests.swift */ = {isa = PBXFileReference; lastKnownFileType = sourcecode.swift; path = ChallengeUITests.swift; sourceTree = "<group>"; };
		2AFA804E1DDD085400701A78 /* Info.plist */ = {isa = PBXFileReference; lastKnownFileType = text.plist.xml; path = Info.plist; sourceTree = "<group>"; };
		2AFA805C1DDD122F00701A78 /* Main.storyboard */ = {isa = PBXFileReference; fileEncoding = 4; lastKnownFileType = file.storyboard; name = Main.storyboard; path = Storyboards/Main.storyboard; sourceTree = "<group>"; };
		2AFA805E1DDD124C00701A78 /* LaunchScreen.storyboard */ = {isa = PBXFileReference; fileEncoding = 4; lastKnownFileType = file.storyboard; name = LaunchScreen.storyboard; path = Storyboards/LaunchScreen.storyboard; sourceTree = "<group>"; };
		2AFA80601DDD132200701A78 /* GoogleAPI.swift */ = {isa = PBXFileReference; fileEncoding = 4; lastKnownFileType = sourcecode.swift; name = GoogleAPI.swift; path = Manager/GoogleAPI.swift; sourceTree = "<group>"; };
		2AFA80631DDD169000701A78 /* CustomImageView.swift */ = {isa = PBXFileReference; fileEncoding = 4; lastKnownFileType = sourcecode.swift; name = CustomImageView.swift; path = Custom/CustomImageView.swift; sourceTree = "<group>"; };
		2AFA80681DDD236B00701A78 /* Places.swift */ = {isa = PBXFileReference; fileEncoding = 4; lastKnownFileType = sourcecode.swift; name = Places.swift; path = Models/Places.swift; sourceTree = "<group>"; };
		2AFA806A1DDD2D4C00701A78 /* OpeningHours.swift */ = {isa = PBXFileReference; fileEncoding = 4; lastKnownFileType = sourcecode.swift; name = OpeningHours.swift; path = Models/OpeningHours.swift; sourceTree = "<group>"; };
		2AFA806C1DDDB73A00701A78 /* APIController.swift */ = {isa = PBXFileReference; fileEncoding = 4; lastKnownFileType = sourcecode.swift; name = APIController.swift; path = Manager/APIController.swift; sourceTree = "<group>"; };
		2AFA806E1DDDBC6800701A78 /* PlacesConverter.swift */ = {isa = PBXFileReference; fileEncoding = 4; lastKnownFileType = sourcecode.swift; name = PlacesConverter.swift; path = Models/PlacesConverter.swift; sourceTree = "<group>"; };
		5ABF520B88A1DA2027AC1707 /* Pods-Challenge.release.xcconfig */ = {isa = PBXFileReference; includeInIndex = 1; lastKnownFileType = text.xcconfig; name = "Pods-Challenge.release.xcconfig"; path = "Pods/Target Support Files/Pods-Challenge/Pods-Challenge.release.xcconfig"; sourceTree = "<group>"; };
		5C50A6A9F2F2232DF65DD0E6 /* Pods_ChallengeTests.framework */ = {isa = PBXFileReference; explicitFileType = wrapper.framework; includeInIndex = 0; path = Pods_ChallengeTests.framework; sourceTree = BUILT_PRODUCTS_DIR; };
		75C5918600CC745FE04C5CCB /* Pods-ChallengeTests.release.xcconfig */ = {isa = PBXFileReference; includeInIndex = 1; lastKnownFileType = text.xcconfig; name = "Pods-ChallengeTests.release.xcconfig"; path = "Pods/Target Support Files/Pods-ChallengeTests/Pods-ChallengeTests.release.xcconfig"; sourceTree = "<group>"; };
		827D5A63E344A08C906D2D2E /* Pods-ChallengeUITests.debug.xcconfig */ = {isa = PBXFileReference; includeInIndex = 1; lastKnownFileType = text.xcconfig; name = "Pods-ChallengeUITests.debug.xcconfig"; path = "Pods/Target Support Files/Pods-ChallengeUITests/Pods-ChallengeUITests.debug.xcconfig"; sourceTree = "<group>"; };
		8AA817014B26E96E8B3E1B0D /* Pods-ChallengeTests.debug.xcconfig */ = {isa = PBXFileReference; includeInIndex = 1; lastKnownFileType = text.xcconfig; name = "Pods-ChallengeTests.debug.xcconfig"; path = "Pods/Target Support Files/Pods-ChallengeTests/Pods-ChallengeTests.debug.xcconfig"; sourceTree = "<group>"; };
		D923311D600CEFCF031C2D39 /* Pods_ChallengeUITests.framework */ = {isa = PBXFileReference; explicitFileType = wrapper.framework; includeInIndex = 0; path = Pods_ChallengeUITests.framework; sourceTree = BUILT_PRODUCTS_DIR; };
		F1A554F3C92900B4E2AB4B87 /* Pods-Challenge.debug.xcconfig */ = {isa = PBXFileReference; includeInIndex = 1; lastKnownFileType = text.xcconfig; name = "Pods-Challenge.debug.xcconfig"; path = "Pods/Target Support Files/Pods-Challenge/Pods-Challenge.debug.xcconfig"; sourceTree = "<group>"; };
		FE83A8D9E49F9F75B8BEADCF /* Pods_Challenge.framework */ = {isa = PBXFileReference; explicitFileType = wrapper.framework; includeInIndex = 0; path = Pods_Challenge.framework; sourceTree = BUILT_PRODUCTS_DIR; };
/* End PBXFileReference section */

/* Begin PBXFrameworksBuildPhase section */
		2AFA80261DDD085400701A78 /* Frameworks */ = {
			isa = PBXFrameworksBuildPhase;
			buildActionMask = 2147483647;
			files = (
				6BADE8051B74EBE988D0346C /* Pods_Challenge.framework in Frameworks */,
			);
			runOnlyForDeploymentPostprocessing = 0;
		};
		2AFA803A1DDD085400701A78 /* Frameworks */ = {
			isa = PBXFrameworksBuildPhase;
			buildActionMask = 2147483647;
			files = (
				F6C94D7A2816F8E5D448D34E /* Pods_ChallengeTests.framework in Frameworks */,
			);
			runOnlyForDeploymentPostprocessing = 0;
		};
		2AFA80451DDD085400701A78 /* Frameworks */ = {
			isa = PBXFrameworksBuildPhase;
			buildActionMask = 2147483647;
			files = (
				B03FA1171F7B5D644F7DB41D /* Pods_ChallengeUITests.framework in Frameworks */,
			);
			runOnlyForDeploymentPostprocessing = 0;
		};
/* End PBXFrameworksBuildPhase section */

/* Begin PBXGroup section */
		2AFA80201DDD085400701A78 = {
			isa = PBXGroup;
			children = (
				2AFA802B1DDD085400701A78 /* Challenge */,
				2AFA80401DDD085400701A78 /* ChallengeTests */,
				2AFA804B1DDD085400701A78 /* ChallengeUITests */,
				2AFA802A1DDD085400701A78 /* Products */,
				89CFD9EB326C8585384F1383 /* Pods */,
				44983D2C8068680AB06435CC /* Frameworks */,
			);
			sourceTree = "<group>";
		};
		2AFA802A1DDD085400701A78 /* Products */ = {
			isa = PBXGroup;
			children = (
				2AFA80291DDD085400701A78 /* Challenge.app */,
				2AFA803D1DDD085400701A78 /* ChallengeTests.xctest */,
				2AFA80481DDD085400701A78 /* ChallengeUITests.xctest */,
			);
			name = Products;
			sourceTree = "<group>";
		};
		2AFA802B1DDD085400701A78 /* Challenge */ = {
			isa = PBXGroup;
			children = (
				2AFA802C1DDD085400701A78 /* AppDelegate.swift */,
				2AFA80331DDD085400701A78 /* Assets.xcassets */,
				2AFA80381DDD085400701A78 /* Info.plist */,
				2AFA80621DDD163700701A78 /* Custom */,
				2AFA805A1DDD11DC00701A78 /* Manager */,
				2AFA80651DDD232600701A78 /* Models */,
				2AFA805B1DDD11ED00701A78 /* Storyboards */,
			);
			path = Challenge;
			sourceTree = "<group>";
		};
		2AFA80401DDD085400701A78 /* ChallengeTests */ = {
			isa = PBXGroup;
			children = (
				2AFA80411DDD085400701A78 /* ChallengeTests.swift */,
				2AFA80431DDD085400701A78 /* Info.plist */,
			);
			path = ChallengeTests;
			sourceTree = "<group>";
		};
		2AFA804B1DDD085400701A78 /* ChallengeUITests */ = {
			isa = PBXGroup;
			children = (
				2AFA804C1DDD085400701A78 /* ChallengeUITests.swift */,
				2AFA804E1DDD085400701A78 /* Info.plist */,
			);
			path = ChallengeUITests;
			sourceTree = "<group>";
		};
		2AFA805A1DDD11DC00701A78 /* Manager */ = {
			isa = PBXGroup;
			children = (
				2AFA80601DDD132200701A78 /* GoogleAPI.swift */,
				2AFA806C1DDDB73A00701A78 /* APIController.swift */,
			);
			name = Manager;
			sourceTree = "<group>";
		};
		2AFA805B1DDD11ED00701A78 /* Storyboards */ = {
			isa = PBXGroup;
			children = (
				2AFA805C1DDD122F00701A78 /* Main.storyboard */,
				2AFA805E1DDD124C00701A78 /* LaunchScreen.storyboard */,
			);
			name = Storyboards;
			sourceTree = "<group>";
		};
		2AFA80621DDD163700701A78 /* Custom */ = {
			isa = PBXGroup;
			children = (
				2AFA80631DDD169000701A78 /* CustomImageView.swift */,
			);
			name = Custom;
			sourceTree = "<group>";
		};
		2AFA80651DDD232600701A78 /* Models */ = {
			isa = PBXGroup;
			children = (
				2AFA80681DDD236B00701A78 /* Places.swift */,
				2AFA806E1DDDBC6800701A78 /* PlacesConverter.swift */,
				2AFA806A1DDD2D4C00701A78 /* OpeningHours.swift */,
			);
			name = Models;
			sourceTree = "<group>";
		};
		44983D2C8068680AB06435CC /* Frameworks */ = {
			isa = PBXGroup;
			children = (
				FE83A8D9E49F9F75B8BEADCF /* Pods_Challenge.framework */,
				5C50A6A9F2F2232DF65DD0E6 /* Pods_ChallengeTests.framework */,
				D923311D600CEFCF031C2D39 /* Pods_ChallengeUITests.framework */,
			);
			name = Frameworks;
			sourceTree = "<group>";
		};
		89CFD9EB326C8585384F1383 /* Pods */ = {
			isa = PBXGroup;
			children = (
				F1A554F3C92900B4E2AB4B87 /* Pods-Challenge.debug.xcconfig */,
				5ABF520B88A1DA2027AC1707 /* Pods-Challenge.release.xcconfig */,
				8AA817014B26E96E8B3E1B0D /* Pods-ChallengeTests.debug.xcconfig */,
				75C5918600CC745FE04C5CCB /* Pods-ChallengeTests.release.xcconfig */,
				827D5A63E344A08C906D2D2E /* Pods-ChallengeUITests.debug.xcconfig */,
				1E10939F65D7F0A5A897EA60 /* Pods-ChallengeUITests.release.xcconfig */,
			);
			name = Pods;
			sourceTree = "<group>";
		};
/* End PBXGroup section */

/* Begin PBXNativeTarget section */
		2AFA80281DDD085400701A78 /* Challenge */ = {
			isa = PBXNativeTarget;
			buildConfigurationList = 2AFA80511DDD085400701A78 /* Build configuration list for PBXNativeTarget "Challenge" */;
			buildPhases = (
				60313E9E1CFE91E0C9246A8F /* [CP] Check Pods Manifest.lock */,
				2AFA80251DDD085400701A78 /* Sources */,
				2AFA80261DDD085400701A78 /* Frameworks */,
				2AFA80271DDD085400701A78 /* Resources */,
				3611E4E90B553C408A0DCED9 /* [CP] Embed Pods Frameworks */,
				147283C1B81D72875B9F4784 /* [CP] Copy Pods Resources */,
			);
			buildRules = (
			);
			dependencies = (
			);
			name = Challenge;
			productName = Challenge;
			productReference = 2AFA80291DDD085400701A78 /* Challenge.app */;
			productType = "com.apple.product-type.application";
		};
		2AFA803C1DDD085400701A78 /* ChallengeTests */ = {
			isa = PBXNativeTarget;
			buildConfigurationList = 2AFA80541DDD085400701A78 /* Build configuration list for PBXNativeTarget "ChallengeTests" */;
			buildPhases = (
				603528C5E19253026CDF0CD1 /* [CP] Check Pods Manifest.lock */,
				2AFA80391DDD085400701A78 /* Sources */,
				2AFA803A1DDD085400701A78 /* Frameworks */,
				2AFA803B1DDD085400701A78 /* Resources */,
				9451E76A606C8B51BAEBA38B /* [CP] Embed Pods Frameworks */,
				B50AFDA39D3CDA7929CD19E9 /* [CP] Copy Pods Resources */,
			);
			buildRules = (
			);
			dependencies = (
				2AFA803F1DDD085400701A78 /* PBXTargetDependency */,
			);
			name = ChallengeTests;
			productName = ChallengeTests;
			productReference = 2AFA803D1DDD085400701A78 /* ChallengeTests.xctest */;
			productType = "com.apple.product-type.bundle.unit-test";
		};
		2AFA80471DDD085400701A78 /* ChallengeUITests */ = {
			isa = PBXNativeTarget;
			buildConfigurationList = 2AFA80571DDD085400701A78 /* Build configuration list for PBXNativeTarget "ChallengeUITests" */;
			buildPhases = (
				BA996FF85C2C675A0B758747 /* [CP] Check Pods Manifest.lock */,
				2AFA80441DDD085400701A78 /* Sources */,
				2AFA80451DDD085400701A78 /* Frameworks */,
				2AFA80461DDD085400701A78 /* Resources */,
				39E47D3BC0674C93448BD8F5 /* [CP] Embed Pods Frameworks */,
				F9D69F4793E5338361B24C10 /* [CP] Copy Pods Resources */,
			);
			buildRules = (
			);
			dependencies = (
				2AFA804A1DDD085400701A78 /* PBXTargetDependency */,
			);
			name = ChallengeUITests;
			productName = ChallengeUITests;
			productReference = 2AFA80481DDD085400701A78 /* ChallengeUITests.xctest */;
			productType = "com.apple.product-type.bundle.ui-testing";
		};
/* End PBXNativeTarget section */

/* Begin PBXProject section */
		2AFA80211DDD085400701A78 /* Project object */ = {
			isa = PBXProject;
			attributes = {
				LastSwiftUpdateCheck = 0810;
				LastUpgradeCheck = 0810;
				ORGANIZATIONNAME = Youse;
				TargetAttributes = {
					2AFA80281DDD085400701A78 = {
						CreatedOnToolsVersion = 8.1;
						ProvisioningStyle = Automatic;
					};
					2AFA803C1DDD085400701A78 = {
						CreatedOnToolsVersion = 8.1;
						ProvisioningStyle = Automatic;
						TestTargetID = 2AFA80281DDD085400701A78;
					};
					2AFA80471DDD085400701A78 = {
						CreatedOnToolsVersion = 8.1;
						ProvisioningStyle = Automatic;
						TestTargetID = 2AFA80281DDD085400701A78;
					};
				};
			};
			buildConfigurationList = 2AFA80241DDD085400701A78 /* Build configuration list for PBXProject "Challenge" */;
			compatibilityVersion = "Xcode 3.2";
			developmentRegion = English;
			hasScannedForEncodings = 0;
			knownRegions = (
				en,
				Base,
			);
			mainGroup = 2AFA80201DDD085400701A78;
			productRefGroup = 2AFA802A1DDD085400701A78 /* Products */;
			projectDirPath = "";
			projectRoot = "";
			targets = (
				2AFA80281DDD085400701A78 /* Challenge */,
				2AFA803C1DDD085400701A78 /* ChallengeTests */,
				2AFA80471DDD085400701A78 /* ChallengeUITests */,
			);
		};
/* End PBXProject section */

/* Begin PBXResourcesBuildPhase section */
		2AFA80271DDD085400701A78 /* Resources */ = {
			isa = PBXResourcesBuildPhase;
			buildActionMask = 2147483647;
			files = (
				2AFA805F1DDD124C00701A78 /* LaunchScreen.storyboard in Resources */,
				2AFA80341DDD085400701A78 /* Assets.xcassets in Resources */,
				2AFA805D1DDD122F00701A78 /* Main.storyboard in Resources */,
			);
			runOnlyForDeploymentPostprocessing = 0;
		};
		2AFA803B1DDD085400701A78 /* Resources */ = {
			isa = PBXResourcesBuildPhase;
			buildActionMask = 2147483647;
			files = (
			);
			runOnlyForDeploymentPostprocessing = 0;
		};
		2AFA80461DDD085400701A78 /* Resources */ = {
			isa = PBXResourcesBuildPhase;
			buildActionMask = 2147483647;
			files = (
			);
			runOnlyForDeploymentPostprocessing = 0;
		};
/* End PBXResourcesBuildPhase section */

/* Begin PBXShellScriptBuildPhase section */
		147283C1B81D72875B9F4784 /* [CP] Copy Pods Resources */ = {
			isa = PBXShellScriptBuildPhase;
			buildActionMask = 2147483647;
			files = (
			);
			inputPaths = (
			);
			name = "[CP] Copy Pods Resources";
			outputPaths = (
			);
			runOnlyForDeploymentPostprocessing = 0;
			shellPath = /bin/sh;
			shellScript = "\"${SRCROOT}/Pods/Target Support Files/Pods-Challenge/Pods-Challenge-resources.sh\"\n";
			showEnvVarsInLog = 0;
		};
		3611E4E90B553C408A0DCED9 /* [CP] Embed Pods Frameworks */ = {
			isa = PBXShellScriptBuildPhase;
			buildActionMask = 2147483647;
			files = (
			);
			inputPaths = (
			);
			name = "[CP] Embed Pods Frameworks";
			outputPaths = (
			);
			runOnlyForDeploymentPostprocessing = 0;
			shellPath = /bin/sh;
			shellScript = "\"${SRCROOT}/Pods/Target Support Files/Pods-Challenge/Pods-Challenge-frameworks.sh\"\n";
			showEnvVarsInLog = 0;
		};
		39E47D3BC0674C93448BD8F5 /* [CP] Embed Pods Frameworks */ = {
			isa = PBXShellScriptBuildPhase;
			buildActionMask = 2147483647;
			files = (
			);
			inputPaths = (
			);
			name = "[CP] Embed Pods Frameworks";
			outputPaths = (
			);
			runOnlyForDeploymentPostprocessing = 0;
			shellPath = /bin/sh;
			shellScript = "\"${SRCROOT}/Pods/Target Support Files/Pods-ChallengeUITests/Pods-ChallengeUITests-frameworks.sh\"\n";
			showEnvVarsInLog = 0;
		};
		60313E9E1CFE91E0C9246A8F /* [CP] Check Pods Manifest.lock */ = {
			isa = PBXShellScriptBuildPhase;
			buildActionMask = 2147483647;
			files = (
			);
			inputPaths = (
			);
			name = "[CP] Check Pods Manifest.lock";
			outputPaths = (
			);
			runOnlyForDeploymentPostprocessing = 0;
			shellPath = /bin/sh;
			shellScript = "diff \"${PODS_ROOT}/../Podfile.lock\" \"${PODS_ROOT}/Manifest.lock\" > /dev/null\nif [ $? != 0 ] ; then\n    # print error to STDERR\n    echo \"error: The sandbox is not in sync with the Podfile.lock. Run 'pod install' or update your CocoaPods installation.\" >&2\n    exit 1\nfi\n";
			showEnvVarsInLog = 0;
		};
		603528C5E19253026CDF0CD1 /* [CP] Check Pods Manifest.lock */ = {
			isa = PBXShellScriptBuildPhase;
			buildActionMask = 2147483647;
			files = (
			);
			inputPaths = (
			);
			name = "[CP] Check Pods Manifest.lock";
			outputPaths = (
			);
			runOnlyForDeploymentPostprocessing = 0;
			shellPath = /bin/sh;
			shellScript = "diff \"${PODS_ROOT}/../Podfile.lock\" \"${PODS_ROOT}/Manifest.lock\" > /dev/null\nif [ $? != 0 ] ; then\n    # print error to STDERR\n    echo \"error: The sandbox is not in sync with the Podfile.lock. Run 'pod install' or update your CocoaPods installation.\" >&2\n    exit 1\nfi\n";
			showEnvVarsInLog = 0;
		};
		9451E76A606C8B51BAEBA38B /* [CP] Embed Pods Frameworks */ = {
			isa = PBXShellScriptBuildPhase;
			buildActionMask = 2147483647;
			files = (
			);
			inputPaths = (
			);
			name = "[CP] Embed Pods Frameworks";
			outputPaths = (
			);
			runOnlyForDeploymentPostprocessing = 0;
			shellPath = /bin/sh;
			shellScript = "\"${SRCROOT}/Pods/Target Support Files/Pods-ChallengeTests/Pods-ChallengeTests-frameworks.sh\"\n";
			showEnvVarsInLog = 0;
		};
		B50AFDA39D3CDA7929CD19E9 /* [CP] Copy Pods Resources */ = {
			isa = PBXShellScriptBuildPhase;
			buildActionMask = 2147483647;
			files = (
			);
			inputPaths = (
			);
			name = "[CP] Copy Pods Resources";
			outputPaths = (
			);
			runOnlyForDeploymentPostprocessing = 0;
			shellPath = /bin/sh;
			shellScript = "\"${SRCROOT}/Pods/Target Support Files/Pods-ChallengeTests/Pods-ChallengeTests-resources.sh\"\n";
			showEnvVarsInLog = 0;
		};
		BA996FF85C2C675A0B758747 /* [CP] Check Pods Manifest.lock */ = {
			isa = PBXShellScriptBuildPhase;
			buildActionMask = 2147483647;
			files = (
			);
			inputPaths = (
			);
			name = "[CP] Check Pods Manifest.lock";
			outputPaths = (
			);
			runOnlyForDeploymentPostprocessing = 0;
			shellPath = /bin/sh;
			shellScript = "diff \"${PODS_ROOT}/../Podfile.lock\" \"${PODS_ROOT}/Manifest.lock\" > /dev/null\nif [ $? != 0 ] ; then\n    # print error to STDERR\n    echo \"error: The sandbox is not in sync with the Podfile.lock. Run 'pod install' or update your CocoaPods installation.\" >&2\n    exit 1\nfi\n";
			showEnvVarsInLog = 0;
		};
		F9D69F4793E5338361B24C10 /* [CP] Copy Pods Resources */ = {
			isa = PBXShellScriptBuildPhase;
			buildActionMask = 2147483647;
			files = (
			);
			inputPaths = (
			);
			name = "[CP] Copy Pods Resources";
			outputPaths = (
			);
			runOnlyForDeploymentPostprocessing = 0;
			shellPath = /bin/sh;
			shellScript = "\"${SRCROOT}/Pods/Target Support Files/Pods-ChallengeUITests/Pods-ChallengeUITests-resources.sh\"\n";
			showEnvVarsInLog = 0;
		};
/* End PBXShellScriptBuildPhase section */

/* Begin PBXSourcesBuildPhase section */
		2AFA80251DDD085400701A78 /* Sources */ = {
			isa = PBXSourcesBuildPhase;
			buildActionMask = 2147483647;
			files = (
				2AFA802D1DDD085400701A78 /* AppDelegate.swift in Sources */,
				2AFA80641DDD169000701A78 /* CustomImageView.swift in Sources */,
				2AFA806D1DDDB73A00701A78 /* APIController.swift in Sources */,
				2AFA80611DDD132200701A78 /* GoogleAPI.swift in Sources */,
				2AFA806F1DDDBC6800701A78 /* PlacesConverter.swift in Sources */,
				2AFA806B1DDD2D4C00701A78 /* OpeningHours.swift in Sources */,
				2AFA80691DDD236B00701A78 /* Places.swift in Sources */,
			);
			runOnlyForDeploymentPostprocessing = 0;
		};
		2AFA80391DDD085400701A78 /* Sources */ = {
			isa = PBXSourcesBuildPhase;
			buildActionMask = 2147483647;
			files = (
				2AFA80421DDD085400701A78 /* ChallengeTests.swift in Sources */,
			);
			runOnlyForDeploymentPostprocessing = 0;
		};
		2AFA80441DDD085400701A78 /* Sources */ = {
			isa = PBXSourcesBuildPhase;
			buildActionMask = 2147483647;
			files = (
				2AFA804D1DDD085400701A78 /* ChallengeUITests.swift in Sources */,
			);
			runOnlyForDeploymentPostprocessing = 0;
		};
/* End PBXSourcesBuildPhase section */

/* Begin PBXTargetDependency section */
		2AFA803F1DDD085400701A78 /* PBXTargetDependency */ = {
			isa = PBXTargetDependency;
			target = 2AFA80281DDD085400701A78 /* Challenge */;
			targetProxy = 2AFA803E1DDD085400701A78 /* PBXContainerItemProxy */;
		};
		2AFA804A1DDD085400701A78 /* PBXTargetDependency */ = {
			isa = PBXTargetDependency;
			target = 2AFA80281DDD085400701A78 /* Challenge */;
			targetProxy = 2AFA80491DDD085400701A78 /* PBXContainerItemProxy */;
		};
/* End PBXTargetDependency section */

/* Begin XCBuildConfiguration section */
		2AFA804F1DDD085400701A78 /* Debug */ = {
			isa = XCBuildConfiguration;
			buildSettings = {
				ALWAYS_SEARCH_USER_PATHS = NO;
				CLANG_ANALYZER_NONNULL = YES;
				CLANG_CXX_LANGUAGE_STANDARD = "gnu++0x";
				CLANG_CXX_LIBRARY = "libc++";
				CLANG_ENABLE_MODULES = YES;
				CLANG_ENABLE_OBJC_ARC = YES;
				CLANG_WARN_BOOL_CONVERSION = YES;
				CLANG_WARN_CONSTANT_CONVERSION = YES;
				CLANG_WARN_DIRECT_OBJC_ISA_USAGE = YES_ERROR;
				CLANG_WARN_DOCUMENTATION_COMMENTS = YES;
				CLANG_WARN_EMPTY_BODY = YES;
				CLANG_WARN_ENUM_CONVERSION = YES;
				CLANG_WARN_INFINITE_RECURSION = YES;
				CLANG_WARN_INT_CONVERSION = YES;
				CLANG_WARN_OBJC_ROOT_CLASS = YES_ERROR;
				CLANG_WARN_SUSPICIOUS_MOVES = YES;
				CLANG_WARN_UNREACHABLE_CODE = YES;
				CLANG_WARN__DUPLICATE_METHOD_MATCH = YES;
				"CODE_SIGN_IDENTITY[sdk=iphoneos*]" = "iPhone Developer";
				COPY_PHASE_STRIP = NO;
				DEBUG_INFORMATION_FORMAT = dwarf;
				ENABLE_STRICT_OBJC_MSGSEND = YES;
				ENABLE_TESTABILITY = YES;
				GCC_C_LANGUAGE_STANDARD = gnu99;
				GCC_DYNAMIC_NO_PIC = NO;
				GCC_NO_COMMON_BLOCKS = YES;
				GCC_OPTIMIZATION_LEVEL = 0;
				GCC_PREPROCESSOR_DEFINITIONS = (
					"DEBUG=1",
					"$(inherited)",
				);
				GCC_WARN_64_TO_32_BIT_CONVERSION = YES;
				GCC_WARN_ABOUT_RETURN_TYPE = YES_ERROR;
				GCC_WARN_UNDECLARED_SELECTOR = YES;
				GCC_WARN_UNINITIALIZED_AUTOS = YES_AGGRESSIVE;
				GCC_WARN_UNUSED_FUNCTION = YES;
				GCC_WARN_UNUSED_VARIABLE = YES;
				IPHONEOS_DEPLOYMENT_TARGET = 10.1;
				MTL_ENABLE_DEBUG_INFO = YES;
				ONLY_ACTIVE_ARCH = YES;
				SDKROOT = iphoneos;
				SWIFT_ACTIVE_COMPILATION_CONDITIONS = DEBUG;
				SWIFT_OPTIMIZATION_LEVEL = "-Onone";
			};
			name = Debug;
		};
		2AFA80501DDD085400701A78 /* Release */ = {
			isa = XCBuildConfiguration;
			buildSettings = {
				ALWAYS_SEARCH_USER_PATHS = NO;
				CLANG_ANALYZER_NONNULL = YES;
				CLANG_CXX_LANGUAGE_STANDARD = "gnu++0x";
				CLANG_CXX_LIBRARY = "libc++";
				CLANG_ENABLE_MODULES = YES;
				CLANG_ENABLE_OBJC_ARC = YES;
				CLANG_WARN_BOOL_CONVERSION = YES;
				CLANG_WARN_CONSTANT_CONVERSION = YES;
				CLANG_WARN_DIRECT_OBJC_ISA_USAGE = YES_ERROR;
				CLANG_WARN_DOCUMENTATION_COMMENTS = YES;
				CLANG_WARN_EMPTY_BODY = YES;
				CLANG_WARN_ENUM_CONVERSION = YES;
				CLANG_WARN_INFINITE_RECURSION = YES;
				CLANG_WARN_INT_CONVERSION = YES;
				CLANG_WARN_OBJC_ROOT_CLASS = YES_ERROR;
				CLANG_WARN_SUSPICIOUS_MOVES = YES;
				CLANG_WARN_UNREACHABLE_CODE = YES;
				CLANG_WARN__DUPLICATE_METHOD_MATCH = YES;
				"CODE_SIGN_IDENTITY[sdk=iphoneos*]" = "iPhone Developer";
				COPY_PHASE_STRIP = NO;
				DEBUG_INFORMATION_FORMAT = "dwarf-with-dsym";
				ENABLE_NS_ASSERTIONS = NO;
				ENABLE_STRICT_OBJC_MSGSEND = YES;
				GCC_C_LANGUAGE_STANDARD = gnu99;
				GCC_NO_COMMON_BLOCKS = YES;
				GCC_WARN_64_TO_32_BIT_CONVERSION = YES;
				GCC_WARN_ABOUT_RETURN_TYPE = YES_ERROR;
				GCC_WARN_UNDECLARED_SELECTOR = YES;
				GCC_WARN_UNINITIALIZED_AUTOS = YES_AGGRESSIVE;
				GCC_WARN_UNUSED_FUNCTION = YES;
				GCC_WARN_UNUSED_VARIABLE = YES;
				IPHONEOS_DEPLOYMENT_TARGET = 10.1;
				MTL_ENABLE_DEBUG_INFO = NO;
				SDKROOT = iphoneos;
				SWIFT_OPTIMIZATION_LEVEL = "-Owholemodule";
				VALIDATE_PRODUCT = YES;
			};
			name = Release;
		};
		2AFA80521DDD085400701A78 /* Debug */ = {
			isa = XCBuildConfiguration;
			baseConfigurationReference = F1A554F3C92900B4E2AB4B87 /* Pods-Challenge.debug.xcconfig */;
			buildSettings = {
				ASSETCATALOG_COMPILER_APPICON_NAME = AppIcon;
				INFOPLIST_FILE = Challenge/Info.plist;
				LD_RUNPATH_SEARCH_PATHS = "$(inherited) @executable_path/Frameworks";
				PRODUCT_BUNDLE_IDENTIFIER = br.com.Challenge;
				PRODUCT_NAME = "$(TARGET_NAME)";
				SWIFT_VERSION = 3.0;
			};
			name = Debug;
		};
		2AFA80531DDD085400701A78 /* Release */ = {
			isa = XCBuildConfiguration;
			baseConfigurationReference = 5ABF520B88A1DA2027AC1707 /* Pods-Challenge.release.xcconfig */;
			buildSettings = {
				ASSETCATALOG_COMPILER_APPICON_NAME = AppIcon;
				INFOPLIST_FILE = Challenge/Info.plist;
				LD_RUNPATH_SEARCH_PATHS = "$(inherited) @executable_path/Frameworks";
				PRODUCT_BUNDLE_IDENTIFIER = br.com.Challenge;
				PRODUCT_NAME = "$(TARGET_NAME)";
				SWIFT_VERSION = 3.0;
			};
			name = Release;
		};
		2AFA80551DDD085400701A78 /* Debug */ = {
			isa = XCBuildConfiguration;
			baseConfigurationReference = 8AA817014B26E96E8B3E1B0D /* Pods-ChallengeTests.debug.xcconfig */;
			buildSettings = {
				ALWAYS_EMBED_SWIFT_STANDARD_LIBRARIES = YES;
				BUNDLE_LOADER = "$(TEST_HOST)";
				INFOPLIST_FILE = ChallengeTests/Info.plist;
				LD_RUNPATH_SEARCH_PATHS = "$(inherited) @executable_path/Frameworks @loader_path/Frameworks";
				PRODUCT_BUNDLE_IDENTIFIER = br.com.ChallengeTests;
				PRODUCT_NAME = "$(TARGET_NAME)";
				SWIFT_VERSION = 3.0;
				TEST_HOST = "$(BUILT_PRODUCTS_DIR)/Challenge.app/Challenge";
			};
			name = Debug;
		};
		2AFA80561DDD085400701A78 /* Release */ = {
			isa = XCBuildConfiguration;
			baseConfigurationReference = 75C5918600CC745FE04C5CCB /* Pods-ChallengeTests.release.xcconfig */;
			buildSettings = {
				ALWAYS_EMBED_SWIFT_STANDARD_LIBRARIES = YES;
				BUNDLE_LOADER = "$(TEST_HOST)";
				INFOPLIST_FILE = ChallengeTests/Info.plist;
				LD_RUNPATH_SEARCH_PATHS = "$(inherited) @executable_path/Frameworks @loader_path/Frameworks";
				PRODUCT_BUNDLE_IDENTIFIER = br.com.ChallengeTests;
				PRODUCT_NAME = "$(TARGET_NAME)";
				SWIFT_VERSION = 3.0;
				TEST_HOST = "$(BUILT_PRODUCTS_DIR)/Challenge.app/Challenge";
			};
			name = Release;
		};
		2AFA80581DDD085400701A78 /* Debug */ = {
			isa = XCBuildConfiguration;
			baseConfigurationReference = 827D5A63E344A08C906D2D2E /* Pods-ChallengeUITests.debug.xcconfig */;
			buildSettings = {
				ALWAYS_EMBED_SWIFT_STANDARD_LIBRARIES = YES;
				INFOPLIST_FILE = ChallengeUITests/Info.plist;
				LD_RUNPATH_SEARCH_PATHS = "$(inherited) @executable_path/Frameworks @loader_path/Frameworks";
				PRODUCT_BUNDLE_IDENTIFIER = br.com.ChallengeUITests;
				PRODUCT_NAME = "$(TARGET_NAME)";
				SWIFT_VERSION = 3.0;
				TEST_TARGET_NAME = Challenge;
			};
			name = Debug;
		};
		2AFA80591DDD085400701A78 /* Release */ = {
			isa = XCBuildConfiguration;
			baseConfigurationReference = 1E10939F65D7F0A5A897EA60 /* Pods-ChallengeUITests.release.xcconfig */;
			buildSettings = {
				ALWAYS_EMBED_SWIFT_STANDARD_LIBRARIES = YES;
				INFOPLIST_FILE = ChallengeUITests/Info.plist;
				LD_RUNPATH_SEARCH_PATHS = "$(inherited) @executable_path/Frameworks @loader_path/Frameworks";
				PRODUCT_BUNDLE_IDENTIFIER = br.com.ChallengeUITests;
				PRODUCT_NAME = "$(TARGET_NAME)";
				SWIFT_VERSION = 3.0;
				TEST_TARGET_NAME = Challenge;
			};
			name = Release;
		};
/* End XCBuildConfiguration section */

/* Begin XCConfigurationList section */
		2AFA80241DDD085400701A78 /* Build configuration list for PBXProject "Challenge" */ = {
			isa = XCConfigurationList;
			buildConfigurations = (
				2AFA804F1DDD085400701A78 /* Debug */,
				2AFA80501DDD085400701A78 /* Release */,
			);
			defaultConfigurationIsVisible = 0;
			defaultConfigurationName = Release;
		};
		2AFA80511DDD085400701A78 /* Build configuration list for PBXNativeTarget "Challenge" */ = {
			isa = XCConfigurationList;
			buildConfigurations = (
				2AFA80521DDD085400701A78 /* Debug */,
				2AFA80531DDD085400701A78 /* Release */,
			);
			defaultConfigurationIsVisible = 0;
			defaultConfigurationName = Release;
		};
		2AFA80541DDD085400701A78 /* Build configuration list for PBXNativeTarget "ChallengeTests" */ = {
			isa = XCConfigurationList;
			buildConfigurations = (
				2AFA80551DDD085400701A78 /* Debug */,
				2AFA80561DDD085400701A78 /* Release */,
			);
			defaultConfigurationIsVisible = 0;
			defaultConfigurationName = Release;
		};
		2AFA80571DDD085400701A78 /* Build configuration list for PBXNativeTarget "ChallengeUITests" */ = {
			isa = XCConfigurationList;
			buildConfigurations = (
				2AFA80581DDD085400701A78 /* Debug */,
				2AFA80591DDD085400701A78 /* Release */,
			);
			defaultConfigurationIsVisible = 0;
			defaultConfigurationName = Release;
		};
/* End XCConfigurationList section */
	};
	rootObject = 2AFA80211DDD085400701A78 /* Project object */;
}
